
Microsoft Visual Studio Solution File, Format Version 12.00
# Visual Studio Version 16
VisualStudioVersion = 16.0.30907.101
MinimumVisualStudioVersion = 10.0.40219.1
Project("{FAE04EC0-301F-11D3-BF4B-00C04F79EFBC}") = "CodeFirst", "CodeFirst\CodeFirst.csproj", "{92FD8A27-3A55-4E3E-87CF-AD5A32BAB65C}"
EndProject
Project("{FAE04EC0-301F-11D3-BF4B-00C04F79EFBC}") = "DatabaseFirst", "DatabaseFirst\DatabaseFirst.csproj", "{97857F10-2A49-4C1A-AE7B-D744D2C1FC04}"
EndProject
Project("{FAE04EC0-301F-11D3-BF4B-00C04F79EFBC}") = "CodeFirst2", "CodeFirst2\CodeFirst2.csproj", "{C9BD71E4-9B4A-403A-BCAC-AFAD100E2EC0}"
EndProject
Global
	GlobalSection(SolutionConfigurationPlatforms) = preSolution
		Debug|Any CPU = Debug|Any CPU
		Release|Any CPU = Release|Any CPU
	EndGlobalSection
	GlobalSection(ProjectConfigurationPlatforms) = postSolution
		{92FD8A27-3A55-4E3E-87CF-AD5A32BAB65C}.Debug|Any CPU.ActiveCfg = Debug|Any CPU
		{92FD8A27-3A55-4E3E-87CF-AD5A32BAB65C}.Debug|Any CPU.Build.0 = Debug|Any CPU
		{92FD8A27-3A55-4E3E-87CF-AD5A32BAB65C}.Release|Any CPU.ActiveCfg = Release|Any CPU
		{92FD8A27-3A55-4E3E-87CF-AD5A32BAB65C}.Release|Any CPU.Build.0 = Release|Any CPU
		{97857F10-2A49-4C1A-AE7B-D744D2C1FC04}.Debug|Any CPU.ActiveCfg = Debug|Any CPU
		{97857F10-2A49-4C1A-AE7B-D744D2C1FC04}.Debug|Any CPU.Build.0 = Debug|Any CPU
		{97857F10-2A49-4C1A-AE7B-D744D2C1FC04}.Release|Any CPU.ActiveCfg = Release|Any CPU
		{97857F10-2A49-4C1A-AE7B-D744D2C1FC04}.Release|Any CPU.Build.0 = Release|Any CPU
		{C9BD71E4-9B4A-403A-BCAC-AFAD100E2EC0}.Debug|Any CPU.ActiveCfg = Debug|Any CPU
		{C9BD71E4-9B4A-403A-BCAC-AFAD100E2EC0}.Debug|Any CPU.Build.0 = Debug|Any CPU
		{C9BD71E4-9B4A-403A-BCAC-AFAD100E2EC0}.Release|Any CPU.ActiveCfg = Release|Any CPU
		{C9BD71E4-9B4A-403A-BCAC-AFAD100E2EC0}.Release|Any CPU.Build.0 = Release|Any CPU
	EndGlobalSection
	GlobalSection(SolutionProperties) = preSolution
		HideSolutionNode = FALSE
	EndGlobalSection
	GlobalSection(ExtensibilityGlobals) = postSolution
		SolutionGuid = {4BC27FB5-AF5A-4C6C-A999-C6D9DA807A0F}
	EndGlobalSection
EndGlobal
